// !$*UTF8*$!
{
	archiveVersion = 1;
	classes = {
	};
	objectVersion = 50;
	objects = {

/* Begin PBXBuildFile section */
		0D16AF2324EE78F100FB04D6 /* AppDelegate.swift in Sources */ = {isa = PBXBuildFile; fileRef = 0D16AF2224EE78F100FB04D6 /* AppDelegate.swift */; };
		0D16AF2524EE78F100FB04D6 /* SceneDelegate.swift in Sources */ = {isa = PBXBuildFile; fileRef = 0D16AF2424EE78F100FB04D6 /* SceneDelegate.swift */; };
		0D16AF2724EE78F100FB04D6 /* ViewController.swift in Sources */ = {isa = PBXBuildFile; fileRef = 0D16AF2624EE78F100FB04D6 /* ViewController.swift */; };
		0D16AF2A24EE78F100FB04D6 /* Main.storyboard in Resources */ = {isa = PBXBuildFile; fileRef = 0D16AF2824EE78F100FB04D6 /* Main.storyboard */; };
		0D16AF2C24EE78F600FB04D6 /* Assets.xcassets in Resources */ = {isa = PBXBuildFile; fileRef = 0D16AF2B24EE78F600FB04D6 /* Assets.xcassets */; };
		0D16AF2F24EE78F600FB04D6 /* LaunchScreen.storyboard in Resources */ = {isa = PBXBuildFile; fileRef = 0D16AF2D24EE78F600FB04D6 /* LaunchScreen.storyboard */; };
		0D16AF3924EF0F8200FB04D6 /* LoginViewController.swift in Sources */ = {isa = PBXBuildFile; fileRef = 0D16AF3824EF0F8200FB04D6 /* LoginViewController.swift */; };
		0D16AF3B24EF0F8D00FB04D6 /* SignupViewController.swift in Sources */ = {isa = PBXBuildFile; fileRef = 0D16AF3A24EF0F8D00FB04D6 /* SignupViewController.swift */; };
		0D16AF3D24EF0F9800FB04D6 /* ExpensesViewController.swift in Sources */ = {isa = PBXBuildFile; fileRef = 0D16AF3C24EF0F9800FB04D6 /* ExpensesViewController.swift */; };
		0D16AF3F24EF0FA100FB04D6 /* IncomeViewController.swift in Sources */ = {isa = PBXBuildFile; fileRef = 0D16AF3E24EF0FA100FB04D6 /* IncomeViewController.swift */; };
		0D16AF4124EF0FD400FB04D6 /* HomeViewController.swift in Sources */ = {isa = PBXBuildFile; fileRef = 0D16AF4024EF0FD400FB04D6 /* HomeViewController.swift */; };
		0D16AF4824EF12E000FB04D6 /* HomePresenter.swift in Sources */ = {isa = PBXBuildFile; fileRef = 0D16AF4724EF12E000FB04D6 /* HomePresenter.swift */; };
		0D16AF4A24EF12ED00FB04D6 /* IncomePresenter.swift in Sources */ = {isa = PBXBuildFile; fileRef = 0D16AF4924EF12ED00FB04D6 /* IncomePresenter.swift */; };
		0D16AF4C24EF12F500FB04D6 /* ExpensePresenter.swift in Sources */ = {isa = PBXBuildFile; fileRef = 0D16AF4B24EF12F500FB04D6 /* ExpensePresenter.swift */; };
		0D16AF4E24EF130000FB04D6 /* SignupPresenter.swift in Sources */ = {isa = PBXBuildFile; fileRef = 0D16AF4D24EF130000FB04D6 /* SignupPresenter.swift */; };
		0D16AF5024EF130B00FB04D6 /* LoginPresenter.swift in Sources */ = {isa = PBXBuildFile; fileRef = 0D16AF4F24EF130B00FB04D6 /* LoginPresenter.swift */; };
/* End PBXBuildFile section */

/* Begin PBXFileReference section */
		0D16AF1F24EE78F100FB04D6 /* expensetracker.app */ = {isa = PBXFileReference; explicitFileType = wrapper.application; includeInIndex = 0; path = expensetracker.app; sourceTree = BUILT_PRODUCTS_DIR; };
		0D16AF2224EE78F100FB04D6 /* AppDelegate.swift */ = {isa = PBXFileReference; lastKnownFileType = sourcecode.swift; path = AppDelegate.swift; sourceTree = "<group>"; };
		0D16AF2424EE78F100FB04D6 /* SceneDelegate.swift */ = {isa = PBXFileReference; lastKnownFileType = sourcecode.swift; path = SceneDelegate.swift; sourceTree = "<group>"; };
		0D16AF2624EE78F100FB04D6 /* ViewController.swift */ = {isa = PBXFileReference; lastKnownFileType = sourcecode.swift; path = ViewController.swift; sourceTree = "<group>"; };
		0D16AF2924EE78F100FB04D6 /* Base */ = {isa = PBXFileReference; lastKnownFileType = file.storyboard; name = Base; path = Base.lproj/Main.storyboard; sourceTree = "<group>"; };
		0D16AF2B24EE78F600FB04D6 /* Assets.xcassets */ = {isa = PBXFileReference; lastKnownFileType = folder.assetcatalog; path = Assets.xcassets; sourceTree = "<group>"; };
		0D16AF2E24EE78F600FB04D6 /* Base */ = {isa = PBXFileReference; lastKnownFileType = file.storyboard; name = Base; path = Base.lproj/LaunchScreen.storyboard; sourceTree = "<group>"; };
		0D16AF3024EE78F600FB04D6 /* Info.plist */ = {isa = PBXFileReference; lastKnownFileType = text.plist.xml; path = Info.plist; sourceTree = "<group>"; };
		0D16AF3824EF0F8200FB04D6 /* LoginViewController.swift */ = {isa = PBXFileReference; lastKnownFileType = sourcecode.swift; path = LoginViewController.swift; sourceTree = "<group>"; };
		0D16AF3A24EF0F8D00FB04D6 /* SignupViewController.swift */ = {isa = PBXFileReference; lastKnownFileType = sourcecode.swift; path = SignupViewController.swift; sourceTree = "<group>"; };
		0D16AF3C24EF0F9800FB04D6 /* ExpensesViewController.swift */ = {isa = PBXFileReference; lastKnownFileType = sourcecode.swift; path = ExpensesViewController.swift; sourceTree = "<group>"; };
		0D16AF3E24EF0FA100FB04D6 /* IncomeViewController.swift */ = {isa = PBXFileReference; lastKnownFileType = sourcecode.swift; path = IncomeViewController.swift; sourceTree = "<group>"; };
		0D16AF4024EF0FD400FB04D6 /* HomeViewController.swift */ = {isa = PBXFileReference; lastKnownFileType = sourcecode.swift; path = HomeViewController.swift; sourceTree = "<group>"; };
		0D16AF4724EF12E000FB04D6 /* HomePresenter.swift */ = {isa = PBXFileReference; lastKnownFileType = sourcecode.swift; path = HomePresenter.swift; sourceTree = "<group>"; };
		0D16AF4924EF12ED00FB04D6 /* IncomePresenter.swift */ = {isa = PBXFileReference; lastKnownFileType = sourcecode.swift; path = IncomePresenter.swift; sourceTree = "<group>"; };
		0D16AF4B24EF12F500FB04D6 /* ExpensePresenter.swift */ = {isa = PBXFileReference; lastKnownFileType = sourcecode.swift; path = ExpensePresenter.swift; sourceTree = "<group>"; };
		0D16AF4D24EF130000FB04D6 /* SignupPresenter.swift */ = {isa = PBXFileReference; lastKnownFileType = sourcecode.swift; path = SignupPresenter.swift; sourceTree = "<group>"; };
		0D16AF4F24EF130B00FB04D6 /* LoginPresenter.swift */ = {isa = PBXFileReference; lastKnownFileType = sourcecode.swift; path = LoginPresenter.swift; sourceTree = "<group>"; };
/* End PBXFileReference section */

/* Begin PBXFrameworksBuildPhase section */
		0D16AF1C24EE78F100FB04D6 /* Frameworks */ = {
			isa = PBXFrameworksBuildPhase;
			buildActionMask = 2147483647;
			files = (
			);
			runOnlyForDeploymentPostprocessing = 0;
		};
/* End PBXFrameworksBuildPhase section */

/* Begin PBXGroup section */
		0D16AF1624EE78F100FB04D6 = {
			isa = PBXGroup;
			children = (
				0D16AF2124EE78F100FB04D6 /* expensetracker */,
				0D16AF2024EE78F100FB04D6 /* Products */,
			);
			sourceTree = "<group>";
		};
		0D16AF2024EE78F100FB04D6 /* Products */ = {
			isa = PBXGroup;
			children = (
				0D16AF1F24EE78F100FB04D6 /* expensetracker.app */,
			);
			name = Products;
			sourceTree = "<group>";
		};
		0D16AF2124EE78F100FB04D6 /* expensetracker */ = {
			isa = PBXGroup;
			children = (
				0D16AF3724EF0F4300FB04D6 /* Scenes */,
				0D16AF3624EEFEC900FB04D6 /* Extensions */,
				0D16AF2224EE78F100FB04D6 /* AppDelegate.swift */,
				0D16AF2424EE78F100FB04D6 /* SceneDelegate.swift */,
				0D16AF2624EE78F100FB04D6 /* ViewController.swift */,
				0D16AF2B24EE78F600FB04D6 /* Assets.xcassets */,
				0D16AF2D24EE78F600FB04D6 /* LaunchScreen.storyboard */,
				0D16AF3024EE78F600FB04D6 /* Info.plist */,
			);
			path = expensetracker;
			sourceTree = "<group>";
		};
		0D16AF3624EEFEC900FB04D6 /* Extensions */ = {
			isa = PBXGroup;
			children = (
			);
			path = Extensions;
			sourceTree = "<group>";
		};
		0D16AF3724EF0F4300FB04D6 /* Scenes */ = {
			isa = PBXGroup;
			children = (
				0D16AF2824EE78F100FB04D6 /* Main.storyboard */,
				0D16AF4624EF12AC00FB04D6 /* Home */,
				0D16AF4524EF12A500FB04D6 /* Income */,
				0D16AF4424EF129F00FB04D6 /* Expenses */,
				0D16AF4324EF129900FB04D6 /* Signup */,
				0D16AF4224EF129100FB04D6 /* Login */,
			);
			path = Scenes;
			sourceTree = "<group>";
		};
		0D16AF4224EF129100FB04D6 /* Login */ = {
			isa = PBXGroup;
			children = (
				0D16AF3824EF0F8200FB04D6 /* LoginViewController.swift */,
				0D16AF4F24EF130B00FB04D6 /* LoginPresenter.swift */,
			);
			path = Login;
			sourceTree = "<group>";
		};
		0D16AF4324EF129900FB04D6 /* Signup */ = {
			isa = PBXGroup;
			children = (
				0D16AF3A24EF0F8D00FB04D6 /* SignupViewController.swift */,
				0D16AF4D24EF130000FB04D6 /* SignupPresenter.swift */,
			);
			path = Signup;
			sourceTree = "<group>";
		};
		0D16AF4424EF129F00FB04D6 /* Expenses */ = {
			isa = PBXGroup;
			children = (
				0D16AF3C24EF0F9800FB04D6 /* ExpensesViewController.swift */,
				0D16AF4B24EF12F500FB04D6 /* ExpensePresenter.swift */,
			);
			path = Expenses;
			sourceTree = "<group>";
		};
		0D16AF4524EF12A500FB04D6 /* Income */ = {
			isa = PBXGroup;
			children = (
				0D16AF3E24EF0FA100FB04D6 /* IncomeViewController.swift */,
				0D16AF4924EF12ED00FB04D6 /* IncomePresenter.swift */,
			);
			path = Income;
			sourceTree = "<group>";
		};
		0D16AF4624EF12AC00FB04D6 /* Home */ = {
			isa = PBXGroup;
			children = (
				0D16AF4024EF0FD400FB04D6 /* HomeViewController.swift */,
				0D16AF4724EF12E000FB04D6 /* HomePresenter.swift */,
			);
			path = Home;
			sourceTree = "<group>";
		};
/* End PBXGroup section */

/* Begin PBXNativeTarget section */
		0D16AF1E24EE78F100FB04D6 /* expensetracker */ = {
			isa = PBXNativeTarget;
			buildConfigurationList = 0D16AF3324EE78F600FB04D6 /* Build configuration list for PBXNativeTarget "expensetracker" */;
			buildPhases = (
				0D16AF1B24EE78F100FB04D6 /* Sources */,
				0D16AF1C24EE78F100FB04D6 /* Frameworks */,
				0D16AF1D24EE78F100FB04D6 /* Resources */,
			);
			buildRules = (
			);
			dependencies = (
			);
			name = expensetracker;
			productName = expensetracker;
			productReference = 0D16AF1F24EE78F100FB04D6 /* expensetracker.app */;
			productType = "com.apple.product-type.application";
		};
/* End PBXNativeTarget section */

/* Begin PBXProject section */
		0D16AF1724EE78F100FB04D6 /* Project object */ = {
			isa = PBXProject;
			attributes = {
				LastSwiftUpdateCheck = 1150;
				LastUpgradeCheck = 1150;
				ORGANIZATIONNAME = "Victor Idongesit";
				TargetAttributes = {
					0D16AF1E24EE78F100FB04D6 = {
						CreatedOnToolsVersion = 11.5;
					};
				};
			};
			buildConfigurationList = 0D16AF1A24EE78F100FB04D6 /* Build configuration list for PBXProject "expensetracker" */;
			compatibilityVersion = "Xcode 9.3";
			developmentRegion = en;
			hasScannedForEncodings = 0;
			knownRegions = (
				en,
				Base,
			);
			mainGroup = 0D16AF1624EE78F100FB04D6;
			productRefGroup = 0D16AF2024EE78F100FB04D6 /* Products */;
			projectDirPath = "";
			projectRoot = "";
			targets = (
				0D16AF1E24EE78F100FB04D6 /* expensetracker */,
			);
		};
/* End PBXProject section */

/* Begin PBXResourcesBuildPhase section */
		0D16AF1D24EE78F100FB04D6 /* Resources */ = {
			isa = PBXResourcesBuildPhase;
			buildActionMask = 2147483647;
			files = (
				0D16AF2F24EE78F600FB04D6 /* LaunchScreen.storyboard in Resources */,
				0D16AF2C24EE78F600FB04D6 /* Assets.xcassets in Resources */,
				0D16AF2A24EE78F100FB04D6 /* Main.storyboard in Resources */,
			);
			runOnlyForDeploymentPostprocessing = 0;
		};
/* End PBXResourcesBuildPhase section */

/* Begin PBXSourcesBuildPhase section */
		0D16AF1B24EE78F100FB04D6 /* Sources */ = {
			isa = PBXSourcesBuildPhase;
			buildActionMask = 2147483647;
			files = (
				0D16AF3924EF0F8200FB04D6 /* LoginViewController.swift in Sources */,
				0D16AF2724EE78F100FB04D6 /* ViewController.swift in Sources */,
				0D16AF3B24EF0F8D00FB04D6 /* SignupViewController.swift in Sources */,
				0D16AF4124EF0FD400FB04D6 /* HomeViewController.swift in Sources */,
				0D16AF4C24EF12F500FB04D6 /* ExpensePresenter.swift in Sources */,
				0D16AF2324EE78F100FB04D6 /* AppDelegate.swift in Sources */,
				0D16AF3F24EF0FA100FB04D6 /* IncomeViewController.swift in Sources */,
				0D16AF4824EF12E000FB04D6 /* HomePresenter.swift in Sources */,
				0D16AF5024EF130B00FB04D6 /* LoginPresenter.swift in Sources */,
				0D16AF4A24EF12ED00FB04D6 /* IncomePresenter.swift in Sources */,
				0D16AF2524EE78F100FB04D6 /* SceneDelegate.swift in Sources */,
				0D16AF4E24EF130000FB04D6 /* SignupPresenter.swift in Sources */,
				0D16AF3D24EF0F9800FB04D6 /* ExpensesViewController.swift in Sources */,
			);
			runOnlyForDeploymentPostprocessing = 0;
		};
/* End PBXSourcesBuildPhase section */

/* Begin PBXVariantGroup section */
		0D16AF2824EE78F100FB04D6 /* Main.storyboard */ = {
			isa = PBXVariantGroup;
			children = (
				0D16AF2924EE78F100FB04D6 /* Base */,
			);
			name = Main.storyboard;
			sourceTree = "<group>";
		};
		0D16AF2D24EE78F600FB04D6 /* LaunchScreen.storyboard */ = {
			isa = PBXVariantGroup;
			children = (
				0D16AF2E24EE78F600FB04D6 /* Base */,
			);
			name = LaunchScreen.storyboard;
			sourceTree = "<group>";
		};
/* End PBXVariantGroup section */

/* Begin XCBuildConfiguration section */
		0D16AF3124EE78F600FB04D6 /* Debug */ = {
			isa = XCBuildConfiguration;
			buildSettings = {
				ALWAYS_SEARCH_USER_PATHS = NO;
				CLANG_ANALYZER_NONNULL = YES;
				CLANG_ANALYZER_NUMBER_OBJECT_CONVERSION = YES_AGGRESSIVE;
				CLANG_CXX_LANGUAGE_STANDARD = "gnu++14";
				CLANG_CXX_LIBRARY = "libc++";
				CLANG_ENABLE_MODULES = YES;
				CLANG_ENABLE_OBJC_ARC = YES;
				CLANG_ENABLE_OBJC_WEAK = YES;
				CLANG_WARN_BLOCK_CAPTURE_AUTORELEASING = YES;
				CLANG_WARN_BOOL_CONVERSION = YES;
				CLANG_WARN_COMMA = YES;
				CLANG_WARN_CONSTANT_CONVERSION = YES;
				CLANG_WARN_DEPRECATED_OBJC_IMPLEMENTATIONS = YES;
				CLANG_WARN_DIRECT_OBJC_ISA_USAGE = YES_ERROR;
				CLANG_WARN_DOCUMENTATION_COMMENTS = YES;
				CLANG_WARN_EMPTY_BODY = YES;
				CLANG_WARN_ENUM_CONVERSION = YES;
				CLANG_WARN_INFINITE_RECURSION = YES;
				CLANG_WARN_INT_CONVERSION = YES;
				CLANG_WARN_NON_LITERAL_NULL_CONVERSION = YES;
				CLANG_WARN_OBJC_IMPLICIT_RETAIN_SELF = YES;
				CLANG_WARN_OBJC_LITERAL_CONVERSION = YES;
				CLANG_WARN_OBJC_ROOT_CLASS = YES_ERROR;
				CLANG_WARN_RANGE_LOOP_ANALYSIS = YES;
				CLANG_WARN_STRICT_PROTOTYPES = YES;
				CLANG_WARN_SUSPICIOUS_MOVE = YES;
				CLANG_WARN_UNGUARDED_AVAILABILITY = YES_AGGRESSIVE;
				CLANG_WARN_UNREACHABLE_CODE = YES;
				CLANG_WARN__DUPLICATE_METHOD_MATCH = YES;
				COPY_PHASE_STRIP = NO;
				DEBUG_INFORMATION_FORMAT = dwarf;
				ENABLE_STRICT_OBJC_MSGSEND = YES;
				ENABLE_TESTABILITY = YES;
				GCC_C_LANGUAGE_STANDARD = gnu11;
				GCC_DYNAMIC_NO_PIC = NO;
				GCC_NO_COMMON_BLOCKS = YES;
				GCC_OPTIMIZATION_LEVEL = 0;
				GCC_PREPROCESSOR_DEFINITIONS = (
					"DEBUG=1",
					"$(inherited)",
				);
				GCC_WARN_64_TO_32_BIT_CONVERSION = YES;
				GCC_WARN_ABOUT_RETURN_TYPE = YES_ERROR;
				GCC_WARN_UNDECLARED_SELECTOR = YES;
				GCC_WARN_UNINITIALIZED_AUTOS = YES_AGGRESSIVE;
				GCC_WARN_UNUSED_FUNCTION = YES;
				GCC_WARN_UNUSED_VARIABLE = YES;
				IPHONEOS_DEPLOYMENT_TARGET = 13.5;
				MTL_ENABLE_DEBUG_INFO = INCLUDE_SOURCE;
				MTL_FAST_MATH = YES;
				ONLY_ACTIVE_ARCH = YES;
				SDKROOT = iphoneos;
				SWIFT_ACTIVE_COMPILATION_CONDITIONS = DEBUG;
				SWIFT_OPTIMIZATION_LEVEL = "-Onone";
			};
			name = Debug;
		};
		0D16AF3224EE78F600FB04D6 /* Release */ = {
			isa = XCBuildConfiguration;
			buildSettings = {
				ALWAYS_SEARCH_USER_PATHS = NO;
				CLANG_ANALYZER_NONNULL = YES;
				CLANG_ANALYZER_NUMBER_OBJECT_CONVERSION = YES_AGGRESSIVE;
				CLANG_CXX_LANGUAGE_STANDARD = "gnu++14";
				CLANG_CXX_LIBRARY = "libc++";
				CLANG_ENABLE_MODULES = YES;
				CLANG_ENABLE_OBJC_ARC = YES;
				CLANG_ENABLE_OBJC_WEAK = YES;
				CLANG_WARN_BLOCK_CAPTURE_AUTORELEASING = YES;
				CLANG_WARN_BOOL_CONVERSION = YES;
				CLANG_WARN_COMMA = YES;
				CLANG_WARN_CONSTANT_CONVERSION = YES;
				CLANG_WARN_DEPRECATED_OBJC_IMPLEMENTATIONS = YES;
				CLANG_WARN_DIRECT_OBJC_ISA_USAGE = YES_ERROR;
				CLANG_WARN_DOCUMENTATION_COMMENTS = YES;
				CLANG_WARN_EMPTY_BODY = YES;
				CLANG_WARN_ENUM_CONVERSION = YES;
				CLANG_WARN_INFINITE_RECURSION = YES;
				CLANG_WARN_INT_CONVERSION = YES;
				CLANG_WARN_NON_LITERAL_NULL_CONVERSION = YES;
				CLANG_WARN_OBJC_IMPLICIT_RETAIN_SELF = YES;
				CLANG_WARN_OBJC_LITERAL_CONVERSION = YES;
				CLANG_WARN_OBJC_ROOT_CLASS = YES_ERROR;
				CLANG_WARN_RANGE_LOOP_ANALYSIS = YES;
				CLANG_WARN_STRICT_PROTOTYPES = YES;
				CLANG_WARN_SUSPICIOUS_MOVE = YES;
				CLANG_WARN_UNGUARDED_AVAILABILITY = YES_AGGRESSIVE;
				CLANG_WARN_UNREACHABLE_CODE = YES;
				CLANG_WARN__DUPLICATE_METHOD_MATCH = YES;
				COPY_PHASE_STRIP = NO;
				DEBUG_INFORMATION_FORMAT = "dwarf-with-dsym";
				ENABLE_NS_ASSERTIONS = NO;
				ENABLE_STRICT_OBJC_MSGSEND = YES;
				GCC_C_LANGUAGE_STANDARD = gnu11;
				GCC_NO_COMMON_BLOCKS = YES;
				GCC_WARN_64_TO_32_BIT_CONVERSION = YES;
				GCC_WARN_ABOUT_RETURN_TYPE = YES_ERROR;
				GCC_WARN_UNDECLARED_SELECTOR = YES;
				GCC_WARN_UNINITIALIZED_AUTOS = YES_AGGRESSIVE;
				GCC_WARN_UNUSED_FUNCTION = YES;
				GCC_WARN_UNUSED_VARIABLE = YES;
				IPHONEOS_DEPLOYMENT_TARGET = 13.5;
				MTL_ENABLE_DEBUG_INFO = NO;
				MTL_FAST_MATH = YES;
				SDKROOT = iphoneos;
				SWIFT_COMPILATION_MODE = wholemodule;
				SWIFT_OPTIMIZATION_LEVEL = "-O";
				VALIDATE_PRODUCT = YES;
			};
			name = Release;
		};
		0D16AF3424EE78F600FB04D6 /* Debug */ = {
			isa = XCBuildConfiguration;
			buildSettings = {
				ASSETCATALOG_COMPILER_APPICON_NAME = AppIcon;
				CODE_SIGN_STYLE = Automatic;
				DEVELOPMENT_TEAM = 4EG6Z5662E;
				INFOPLIST_FILE = expensetracker/Info.plist;
				LD_RUNPATH_SEARCH_PATHS = (
					"$(inherited)",
					"@executable_path/Frameworks",
				);
				PRODUCT_BUNDLE_IDENTIFIER = com.gesit.expensetracker;
				PRODUCT_NAME = "$(TARGET_NAME)";
				SWIFT_VERSION = 5.0;
				TARGETED_DEVICE_FAMILY = "1,2";
			};
			name = Debug;
		};
		0D16AF3524EE78F600FB04D6 /* Release */ = {
			isa = XCBuildConfiguration;
			buildSettings = {
				ASSETCATALOG_COMPILER_APPICON_NAME = AppIcon;
				CODE_SIGN_STYLE = Automatic;
				DEVELOPMENT_TEAM = 4EG6Z5662E;
				INFOPLIST_FILE = expensetracker/Info.plist;
				LD_RUNPATH_SEARCH_PATHS = (
					"$(inherited)",
					"@executable_path/Frameworks",
				);
				PRODUCT_BUNDLE_IDENTIFIER = com.gesit.expensetracker;
				PRODUCT_NAME = "$(TARGET_NAME)";
				SWIFT_VERSION = 5.0;
				TARGETED_DEVICE_FAMILY = "1,2";
			};
			name = Release;
		};
/* End XCBuildConfiguration section */

/* Begin XCConfigurationList section */
		0D16AF1A24EE78F100FB04D6 /* Build configuration list for PBXProject "expensetracker" */ = {
			isa = XCConfigurationList;
			buildConfigurations = (
				0D16AF3124EE78F600FB04D6 /* Debug */,
				0D16AF3224EE78F600FB04D6 /* Release */,
			);
			defaultConfigurationIsVisible = 0;
			defaultConfigurationName = Release;
		};
		0D16AF3324EE78F600FB04D6 /* Build configuration list for PBXNativeTarget "expensetracker" */ = {
			isa = XCConfigurationList;
			buildConfigurations = (
				0D16AF3424EE78F600FB04D6 /* Debug */,
				0D16AF3524EE78F600FB04D6 /* Release */,
			);
			defaultConfigurationIsVisible = 0;
			defaultConfigurationName = Release;
		};
/* End XCConfigurationList section */
	};
	rootObject = 0D16AF1724EE78F100FB04D6 /* Project object */;
}
